
Microsoft Visual Studio Solution File, Format Version 12.00
Project("{FAE04EC0-301F-11D3-BF4B-00C04F79EFBC}") = "playserguide", "playserguide\playserguide.csproj", "{F5A13062-7961-4D2B-8834-6AB884181BE2}"
EndProject
Global
	GlobalSection(SolutionConfigurationPlatforms) = preSolution
		Debug|Any CPU = Debug|Any CPU
		Release|Any CPU = Release|Any CPU
	EndGlobalSection
	GlobalSection(ProjectConfigurationPlatforms) = postSolution
		{F5A13062-7961-4D2B-8834-6AB884181BE2}.Debug|Any CPU.ActiveCfg = Debug|Any CPU
		{F5A13062-7961-4D2B-8834-6AB884181BE2}.Debug|Any CPU.Build.0 = Debug|Any CPU
		{F5A13062-7961-4D2B-8834-6AB884181BE2}.Release|Any CPU.ActiveCfg = Release|Any CPU
		{F5A13062-7961-4D2B-8834-6AB884181BE2}.Release|Any CPU.Build.0 = Release|Any CPU
	EndGlobalSection
EndGlobal
